{
  "pins" : [
    {
      "identity" : "cocoalumberjack",
      "kind" : "remoteSourceControl",
      "location" : "https://github.com/CocoaLumberjack/CocoaLumberjack.git",
      "state" : {
        "revision" : "80ada1f753b0d53d9b57c465936a7c4169375002",
        "version" : "3.7.4"
      }
    },
    {
      "identity" : "focusentity",
      "kind" : "remoteSourceControl",
      "location" : "https://github.com/maxxfrazer/FocusEntity",
      "state" : {
        "revision" : "a3363f33321843d49352bd0e3d99e66a6560665c",
        "version" : "2.2.6"
      }
    },
    {
      "identity" : "halfasheet",
      "kind" : "remoteSourceControl",
      "location" : "https://github.com/franklynw/HalfASheet",
      "state" : {
        "revision" : "4f43296b3722082dd5735521ee0fbf25e61cd21c",
        "version" : "1.0.2"
      }
    },
    {
      "identity" : "sdwebimage",
      "kind" : "remoteSourceControl",
      "location" : "https://github.com/SDWebImage/SDWebImage.git",
      "state" : {
        "revision" : "3e48cb68d8e668d146dc59c73fb98cb628616236",
        "version" : "5.13.2"
      }
    },
    {
      "identity" : "sdwebimagemockplugin",
      "kind" : "remoteSourceControl",
      "location" : "https://github.com/faberNovel/SDWebImageMockPlugin",
      "state" : {
        "branch" : "main",
        "revision" : "9065f6d0eda65ceea4838912277d5a4be44b5722"
      }
    },
    {
      "identity" : "sdwebimageswiftui",
      "kind" : "remoteSourceControl",
      "location" : "https://github.com/SDWebImage/SDWebImageSwiftUI",
      "state" : {
        "revision" : "cd8625b7cf11a97698e180d28bb7d5d357196678",
        "version" : "2.0.2"
      }
    },
    {
      "identity" : "svgkit",
      "kind" : "remoteSourceControl",
      "location" : "https://github.com/SVGKit/SVGKit",
      "state" : {
        "revision" : "c4dbac4fd86ad8108afb85004213209b214c9739"
      }
    },
    {
      "identity" : "swift-log",
      "kind" : "remoteSourceControl",
      "location" : "https://github.com/apple/swift-log.git",
      "state" : {
        "revision" : "6fe203dc33195667ce1759bf0182975e4653ba1c",
        "version" : "1.4.4"
      }
    }
  ],
  "version" : 2
}
